
Microsoft Visual Studio Solution File, Format Version 12.00
# Visual Studio Version 16
VisualStudioVersion = 16.0.30128.74
MinimumVisualStudioVersion = 10.0.40219.1
Project("{FAE04EC0-301F-11D3-BF4B-00C04F79EFBC}") = "GraphQLClient", "GraphQLClient\GraphQLClient.csproj", "{6F119DC3-FA3A-4C58-8832-0B36A0C88DD6}"
EndProject
Global
	GlobalSection(SolutionConfigurationPlatforms) = preSolution
		Debug|Any CPU = Debug|Any CPU
		Release|Any CPU = Release|Any CPU
	EndGlobalSection
	GlobalSection(ProjectConfigurationPlatforms) = postSolution
		{6F119DC3-FA3A-4C58-8832-0B36A0C88DD6}.Debug|Any CPU.ActiveCfg = Debug|Any CPU
		{6F119DC3-FA3A-4C58-8832-0B36A0C88DD6}.Debug|Any CPU.Build.0 = Debug|Any CPU
		{6F119DC3-FA3A-4C58-8832-0B36A0C88DD6}.Release|Any CPU.ActiveCfg = Release|Any CPU
		{6F119DC3-FA3A-4C58-8832-0B36A0C88DD6}.Release|Any CPU.Build.0 = Release|Any CPU
	EndGlobalSection
	GlobalSection(SolutionProperties) = preSolution
		HideSolutionNode = FALSE
	EndGlobalSection
	GlobalSection(ExtensibilityGlobals) = postSolution
		SolutionGuid = {06E8862C-4880-4EE1-9E7D-C729974E5F7B}
	EndGlobalSection
EndGlobal
