
Microsoft Visual Studio Solution File, Format Version 12.00
# Visual Studio 15
VisualStudioVersion = 15.0.28307.168
MinimumVisualStudioVersion = 10.0.40219.1
Project("{9A19103F-16F7-4668-BE54-9A1E7A4F7556}") = "GraphQLDotNetCore", "GraphQLDotNetCore\GraphQLDotNetCore.csproj", "{2B7BF43E-17C7-4E07-9EAC-42D3CD8D1576}"
EndProject
Global
	GlobalSection(SolutionConfigurationPlatforms) = preSolution
		Debug|Any CPU = Debug|Any CPU
		Release|Any CPU = Release|Any CPU
	EndGlobalSection
	GlobalSection(ProjectConfigurationPlatforms) = postSolution
		{2B7BF43E-17C7-4E07-9EAC-42D3CD8D1576}.Debug|Any CPU.ActiveCfg = Debug|Any CPU
		{2B7BF43E-17C7-4E07-9EAC-42D3CD8D1576}.Debug|Any CPU.Build.0 = Debug|Any CPU
		{2B7BF43E-17C7-4E07-9EAC-42D3CD8D1576}.Release|Any CPU.ActiveCfg = Release|Any CPU
		{2B7BF43E-17C7-4E07-9EAC-42D3CD8D1576}.Release|Any CPU.Build.0 = Release|Any CPU
	EndGlobalSection
	GlobalSection(SolutionProperties) = preSolution
		HideSolutionNode = FALSE
	EndGlobalSection
	GlobalSection(ExtensibilityGlobals) = postSolution
		SolutionGuid = {FA338300-FFF2-4357-A411-7324814A1029}
	EndGlobalSection
EndGlobal
